
Microsoft Visual Studio Solution File, Format Version 12.00
# Visual Studio 15
VisualStudioVersion = 15.0.28307.1267
MinimumVisualStudioVersion = 10.0.40219.1
Project("{2150E333-8FDC-42A3-9474-1A3956D46DE8}") = "FFmpeg.NET", "FFmpeg.NET", "{C2B4142A-597C-4DF0-B381-E5E2E96E3461}"
EndProject
Project("{8BC9CEB8-8B4A-11D0-8D11-00A0C91BC942}") = "FFmpeg.NET", "..\Sources\FFmpeg.NET\FFmpeg.NET.vcxproj", "{992A9F73-3DFF-43CB-B796-E6AFD490FBCB}"
EndProject
Project("{2150E333-8FDC-42A3-9474-1A3956D46DE8}") = "Examples", "Examples", "{2CF9C1CB-2A47-4B17-8843-306028285327}"
EndProject
Project("{FAE04EC0-301F-11D3-BF4B-00C04F79EFBC}") = "decode_audio", "..\Sources\Examples\proj\decode_audio.csproj", "{7F39BC38-F227-4572-91D9-AED6A76A55CA}"
EndProject
Project("{FAE04EC0-301F-11D3-BF4B-00C04F79EFBC}") = "decode_video", "..\Sources\Examples\proj\decode_video.csproj", "{DC6FAFCE-2708-41F8-A632-9852C03AD001}"
EndProject
Project("{FAE04EC0-301F-11D3-BF4B-00C04F79EFBC}") = "demuxing_decoding", "..\Sources\Examples\proj\demuxing_decoding.csproj", "{C30D59C2-902B-42FB-8685-755DC154CE02}"
EndProject
Project("{FAE04EC0-301F-11D3-BF4B-00C04F79EFBC}") = "encode_audio", "..\Sources\Examples\proj\encode_audio.csproj", "{615FAC9B-7ABA-4E87-872B-72352930C820}"
EndProject
Project("{FAE04EC0-301F-11D3-BF4B-00C04F79EFBC}") = "encode_video", "..\Sources\Examples\proj\encode_video.csproj", "{F67B74D9-FB4B-4B19-8E25-4BB738DDB343}"
EndProject
Project("{FAE04EC0-301F-11D3-BF4B-00C04F79EFBC}") = "metadata", "..\Sources\Examples\proj\metadata.csproj", "{EB4AC096-A488-4440-B55F-33ABE507BD0D}"
EndProject
Project("{FAE04EC0-301F-11D3-BF4B-00C04F79EFBC}") = "remuxing", "..\Sources\Examples\proj\remuxing.csproj", "{34F45286-F15C-4256-A1E4-F95519517448}"
EndProject
Project("{FAE04EC0-301F-11D3-BF4B-00C04F79EFBC}") = "resampling_audio", "..\Sources\Examples\proj\resampling_audio.csproj", "{E9CA4284-7003-491D-9E10-936F8873E497}"
EndProject
Project("{FAE04EC0-301F-11D3-BF4B-00C04F79EFBC}") = "scaling_video", "..\Sources\Examples\proj\scaling_video.csproj", "{8326D2DD-8533-4B70-9892-FC59FF8F3CA0}"
EndProject
Project("{FAE04EC0-301F-11D3-BF4B-00C04F79EFBC}") = "filter_audio", "..\Sources\Examples\proj\filter_audio.csproj", "{96100984-3E6F-4349-9824-6052297847BD}"
EndProject
Project("{FAE04EC0-301F-11D3-BF4B-00C04F79EFBC}") = "filtering_audio", "..\Sources\Examples\proj\filtering_audio.csproj", "{96F948F3-F085-4E86-8FAD-31BB569E17B0}"
EndProject
Project("{FAE04EC0-301F-11D3-BF4B-00C04F79EFBC}") = "filtering_video", "..\Sources\Examples\proj\filtering_video.csproj", "{30CBBA33-85B7-4927-8DE0-219E6EF9C556}"
EndProject
Project("{FAE04EC0-301F-11D3-BF4B-00C04F79EFBC}") = "muxing", "..\Sources\Examples\proj\muxing.csproj", "{EAF0E468-0A08-4F2F-A2C4-3E9F18E51A61}"
EndProject
Project("{FAE04EC0-301F-11D3-BF4B-00C04F79EFBC}") = "transcoding", "..\Sources\Examples\proj\transcoding.csproj", "{4A008533-F338-4EE5-9A72-4221BD35CFA5}"
EndProject
Project("{FAE04EC0-301F-11D3-BF4B-00C04F79EFBC}") = "audio_playback", "..\Sources\Examples\proj\audio_playback.csproj", "{3C9A15A3-E429-4E3A-9D1B-64A2211AD922}"
EndProject
Project("{FAE04EC0-301F-11D3-BF4B-00C04F79EFBC}") = "screen_capture", "..\Sources\Examples\proj\screen_capture.csproj", "{19A7559B-CD67-4FDC-BCD8-AE364037EB37}"
EndProject
Project("{FAE04EC0-301F-11D3-BF4B-00C04F79EFBC}") = "video_playback", "..\Sources\Examples\proj\video_playback.csproj", "{DA1E938F-2387-4D44-8C64-9E04A31B3F18}"
EndProject
Project("{FAE04EC0-301F-11D3-BF4B-00C04F79EFBC}") = "avio_reading", "..\Sources\Examples\proj\avio_reading.csproj", "{28B8E19F-525F-4E98-ACBF-2BD0C2051F67}"
EndProject
Global
	GlobalSection(SolutionConfigurationPlatforms) = preSolution
		Debug|x64 = Debug|x64
		Debug|x86 = Debug|x86
		Release|x64 = Release|x64
		Release|x86 = Release|x86
	EndGlobalSection
	GlobalSection(ProjectConfigurationPlatforms) = postSolution
		{992A9F73-3DFF-43CB-B796-E6AFD490FBCB}.Debug|x64.ActiveCfg = Debug|x64
		{992A9F73-3DFF-43CB-B796-E6AFD490FBCB}.Debug|x64.Build.0 = Debug|x64
		{992A9F73-3DFF-43CB-B796-E6AFD490FBCB}.Debug|x86.ActiveCfg = Debug|Win32
		{992A9F73-3DFF-43CB-B796-E6AFD490FBCB}.Debug|x86.Build.0 = Debug|Win32
		{992A9F73-3DFF-43CB-B796-E6AFD490FBCB}.Debug|x86.Deploy.0 = Debug|Win32
		{992A9F73-3DFF-43CB-B796-E6AFD490FBCB}.Release|x64.ActiveCfg = Release|x64
		{992A9F73-3DFF-43CB-B796-E6AFD490FBCB}.Release|x64.Build.0 = Release|x64
		{992A9F73-3DFF-43CB-B796-E6AFD490FBCB}.Release|x86.ActiveCfg = Release|Win32
		{992A9F73-3DFF-43CB-B796-E6AFD490FBCB}.Release|x86.Build.0 = Release|Win32
		{992A9F73-3DFF-43CB-B796-E6AFD490FBCB}.Release|x86.Deploy.0 = Release|Win32
		{7F39BC38-F227-4572-91D9-AED6A76A55CA}.Debug|x64.ActiveCfg = Debug|x64
		{7F39BC38-F227-4572-91D9-AED6A76A55CA}.Debug|x64.Build.0 = Debug|x64
		{7F39BC38-F227-4572-91D9-AED6A76A55CA}.Debug|x86.ActiveCfg = Debug|x86
		{7F39BC38-F227-4572-91D9-AED6A76A55CA}.Debug|x86.Build.0 = Debug|x86
		{7F39BC38-F227-4572-91D9-AED6A76A55CA}.Release|x64.ActiveCfg = Release|x64
		{7F39BC38-F227-4572-91D9-AED6A76A55CA}.Release|x64.Build.0 = Release|x64
		{7F39BC38-F227-4572-91D9-AED6A76A55CA}.Release|x86.ActiveCfg = Release|x86
		{7F39BC38-F227-4572-91D9-AED6A76A55CA}.Release|x86.Build.0 = Release|x86
		{DC6FAFCE-2708-41F8-A632-9852C03AD001}.Debug|x64.ActiveCfg = Debug|x64
		{DC6FAFCE-2708-41F8-A632-9852C03AD001}.Debug|x64.Build.0 = Debug|x64
		{DC6FAFCE-2708-41F8-A632-9852C03AD001}.Debug|x86.ActiveCfg = Debug|x86
		{DC6FAFCE-2708-41F8-A632-9852C03AD001}.Debug|x86.Build.0 = Debug|x86
		{DC6FAFCE-2708-41F8-A632-9852C03AD001}.Release|x64.ActiveCfg = Release|x64
		{DC6FAFCE-2708-41F8-A632-9852C03AD001}.Release|x64.Build.0 = Release|x64
		{DC6FAFCE-2708-41F8-A632-9852C03AD001}.Release|x86.ActiveCfg = Release|x86
		{DC6FAFCE-2708-41F8-A632-9852C03AD001}.Release|x86.Build.0 = Release|x86
		{C30D59C2-902B-42FB-8685-755DC154CE02}.Debug|x64.ActiveCfg = Debug|x64
		{C30D59C2-902B-42FB-8685-755DC154CE02}.Debug|x64.Build.0 = Debug|x64
		{C30D59C2-902B-42FB-8685-755DC154CE02}.Debug|x86.ActiveCfg = Debug|x86
		{C30D59C2-902B-42FB-8685-755DC154CE02}.Debug|x86.Build.0 = Debug|x86
		{C30D59C2-902B-42FB-8685-755DC154CE02}.Release|x64.ActiveCfg = Release|x64
		{C30D59C2-902B-42FB-8685-755DC154CE02}.Release|x64.Build.0 = Release|x64
		{C30D59C2-902B-42FB-8685-755DC154CE02}.Release|x86.ActiveCfg = Release|x86
		{C30D59C2-902B-42FB-8685-755DC154CE02}.Release|x86.Build.0 = Release|x86
		{615FAC9B-7ABA-4E87-872B-72352930C820}.Debug|x64.ActiveCfg = Debug|x64
		{615FAC9B-7ABA-4E87-872B-72352930C820}.Debug|x64.Build.0 = Debug|x64
		{615FAC9B-7ABA-4E87-872B-72352930C820}.Debug|x86.ActiveCfg = Debug|x86
		{615FAC9B-7ABA-4E87-872B-72352930C820}.Debug|x86.Build.0 = Debug|x86
		{615FAC9B-7ABA-4E87-872B-72352930C820}.Release|x64.ActiveCfg = Release|x64
		{615FAC9B-7ABA-4E87-872B-72352930C820}.Release|x64.Build.0 = Release|x64
		{615FAC9B-7ABA-4E87-872B-72352930C820}.Release|x86.ActiveCfg = Release|x86
		{615FAC9B-7ABA-4E87-872B-72352930C820}.Release|x86.Build.0 = Release|x86
		{F67B74D9-FB4B-4B19-8E25-4BB738DDB343}.Debug|x64.ActiveCfg = Debug|x64
		{F67B74D9-FB4B-4B19-8E25-4BB738DDB343}.Debug|x64.Build.0 = Debug|x64
		{F67B74D9-FB4B-4B19-8E25-4BB738DDB343}.Debug|x86.ActiveCfg = Debug|x86
		{F67B74D9-FB4B-4B19-8E25-4BB738DDB343}.Debug|x86.Build.0 = Debug|x86
		{F67B74D9-FB4B-4B19-8E25-4BB738DDB343}.Release|x64.ActiveCfg = Release|x64
		{F67B74D9-FB4B-4B19-8E25-4BB738DDB343}.Release|x64.Build.0 = Release|x64
		{F67B74D9-FB4B-4B19-8E25-4BB738DDB343}.Release|x86.ActiveCfg = Release|x86
		{F67B74D9-FB4B-4B19-8E25-4BB738DDB343}.Release|x86.Build.0 = Release|x86
		{EB4AC096-A488-4440-B55F-33ABE507BD0D}.Debug|x64.ActiveCfg = Debug|x64
		{EB4AC096-A488-4440-B55F-33ABE507BD0D}.Debug|x64.Build.0 = Debug|x64
		{EB4AC096-A488-4440-B55F-33ABE507BD0D}.Debug|x86.ActiveCfg = Debug|x86
		{EB4AC096-A488-4440-B55F-33ABE507BD0D}.Debug|x86.Build.0 = Debug|x86
		{EB4AC096-A488-4440-B55F-33ABE507BD0D}.Release|x64.ActiveCfg = Release|x64
		{EB4AC096-A488-4440-B55F-33ABE507BD0D}.Release|x64.Build.0 = Release|x64
		{EB4AC096-A488-4440-B55F-33ABE507BD0D}.Release|x86.ActiveCfg = Release|x86
		{EB4AC096-A488-4440-B55F-33ABE507BD0D}.Release|x86.Build.0 = Release|x86
		{34F45286-F15C-4256-A1E4-F95519517448}.Debug|x64.ActiveCfg = Debug|x64
		{34F45286-F15C-4256-A1E4-F95519517448}.Debug|x64.Build.0 = Debug|x64
		{34F45286-F15C-4256-A1E4-F95519517448}.Debug|x86.ActiveCfg = Debug|x86
		{34F45286-F15C-4256-A1E4-F95519517448}.Debug|x86.Build.0 = Debug|x86
		{34F45286-F15C-4256-A1E4-F95519517448}.Release|x64.ActiveCfg = Release|x64
		{34F45286-F15C-4256-A1E4-F95519517448}.Release|x64.Build.0 = Release|x64
		{34F45286-F15C-4256-A1E4-F95519517448}.Release|x86.ActiveCfg = Release|x86
		{34F45286-F15C-4256-A1E4-F95519517448}.Release|x86.Build.0 = Release|x86
		{E9CA4284-7003-491D-9E10-936F8873E497}.Debug|x64.ActiveCfg = Debug|x64
		{E9CA4284-7003-491D-9E10-936F8873E497}.Debug|x64.Build.0 = Debug|x64
		{E9CA4284-7003-491D-9E10-936F8873E497}.Debug|x86.ActiveCfg = Debug|x86
		{E9CA4284-7003-491D-9E10-936F8873E497}.Debug|x86.Build.0 = Debug|x86
		{E9CA4284-7003-491D-9E10-936F8873E497}.Release|x64.ActiveCfg = Release|x64
		{E9CA4284-7003-491D-9E10-936F8873E497}.Release|x64.Build.0 = Release|x64
		{E9CA4284-7003-491D-9E10-936F8873E497}.Release|x86.ActiveCfg = Release|x86
		{E9CA4284-7003-491D-9E10-936F8873E497}.Release|x86.Build.0 = Release|x86
		{8326D2DD-8533-4B70-9892-FC59FF8F3CA0}.Debug|x64.ActiveCfg = Debug|x64
		{8326D2DD-8533-4B70-9892-FC59FF8F3CA0}.Debug|x64.Build.0 = Debug|x64
		{8326D2DD-8533-4B70-9892-FC59FF8F3CA0}.Debug|x86.ActiveCfg = Debug|x86
		{8326D2DD-8533-4B70-9892-FC59FF8F3CA0}.Debug|x86.Build.0 = Debug|x86
		{8326D2DD-8533-4B70-9892-FC59FF8F3CA0}.Release|x64.ActiveCfg = Release|x64
		{8326D2DD-8533-4B70-9892-FC59FF8F3CA0}.Release|x64.Build.0 = Release|x64
		{8326D2DD-8533-4B70-9892-FC59FF8F3CA0}.Release|x86.ActiveCfg = Release|x86
		{8326D2DD-8533-4B70-9892-FC59FF8F3CA0}.Release|x86.Build.0 = Release|x86
		{96100984-3E6F-4349-9824-6052297847BD}.Debug|x64.ActiveCfg = Debug|x64
		{96100984-3E6F-4349-9824-6052297847BD}.Debug|x64.Build.0 = Debug|x64
		{96100984-3E6F-4349-9824-6052297847BD}.Debug|x86.ActiveCfg = Debug|x86
		{96100984-3E6F-4349-9824-6052297847BD}.Debug|x86.Build.0 = Debug|x86
		{96100984-3E6F-4349-9824-6052297847BD}.Release|x64.ActiveCfg = Release|x64
		{96100984-3E6F-4349-9824-6052297847BD}.Release|x64.Build.0 = Release|x64
		{96100984-3E6F-4349-9824-6052297847BD}.Release|x86.ActiveCfg = Release|x86
		{96100984-3E6F-4349-9824-6052297847BD}.Release|x86.Build.0 = Release|x86
		{96F948F3-F085-4E86-8FAD-31BB569E17B0}.Debug|x64.ActiveCfg = Debug|x64
		{96F948F3-F085-4E86-8FAD-31BB569E17B0}.Debug|x64.Build.0 = Debug|x64
		{96F948F3-F085-4E86-8FAD-31BB569E17B0}.Debug|x86.ActiveCfg = Debug|x86
		{96F948F3-F085-4E86-8FAD-31BB569E17B0}.Debug|x86.Build.0 = Debug|x86
		{96F948F3-F085-4E86-8FAD-31BB569E17B0}.Release|x64.ActiveCfg = Release|x64
		{96F948F3-F085-4E86-8FAD-31BB569E17B0}.Release|x64.Build.0 = Release|x64
		{96F948F3-F085-4E86-8FAD-31BB569E17B0}.Release|x86.ActiveCfg = Release|x86
		{96F948F3-F085-4E86-8FAD-31BB569E17B0}.Release|x86.Build.0 = Release|x86
		{30CBBA33-85B7-4927-8DE0-219E6EF9C556}.Debug|x64.ActiveCfg = Debug|x64
		{30CBBA33-85B7-4927-8DE0-219E6EF9C556}.Debug|x64.Build.0 = Debug|x64
		{30CBBA33-85B7-4927-8DE0-219E6EF9C556}.Debug|x86.ActiveCfg = Debug|x86
		{30CBBA33-85B7-4927-8DE0-219E6EF9C556}.Debug|x86.Build.0 = Debug|x86
		{30CBBA33-85B7-4927-8DE0-219E6EF9C556}.Release|x64.ActiveCfg = Release|x64
		{30CBBA33-85B7-4927-8DE0-219E6EF9C556}.Release|x64.Build.0 = Release|x64
		{30CBBA33-85B7-4927-8DE0-219E6EF9C556}.Release|x86.ActiveCfg = Release|x86
		{30CBBA33-85B7-4927-8DE0-219E6EF9C556}.Release|x86.Build.0 = Release|x86
		{EAF0E468-0A08-4F2F-A2C4-3E9F18E51A61}.Debug|x64.ActiveCfg = Debug|x64
		{EAF0E468-0A08-4F2F-A2C4-3E9F18E51A61}.Debug|x64.Build.0 = Debug|x64
		{EAF0E468-0A08-4F2F-A2C4-3E9F18E51A61}.Debug|x86.ActiveCfg = Debug|x86
		{EAF0E468-0A08-4F2F-A2C4-3E9F18E51A61}.Debug|x86.Build.0 = Debug|x86
		{EAF0E468-0A08-4F2F-A2C4-3E9F18E51A61}.Release|x64.ActiveCfg = Release|x64
		{EAF0E468-0A08-4F2F-A2C4-3E9F18E51A61}.Release|x64.Build.0 = Release|x64
		{EAF0E468-0A08-4F2F-A2C4-3E9F18E51A61}.Release|x86.ActiveCfg = Release|x86
		{EAF0E468-0A08-4F2F-A2C4-3E9F18E51A61}.Release|x86.Build.0 = Release|x86
		{4A008533-F338-4EE5-9A72-4221BD35CFA5}.Debug|x64.ActiveCfg = Debug|x64
		{4A008533-F338-4EE5-9A72-4221BD35CFA5}.Debug|x64.Build.0 = Debug|x64
		{4A008533-F338-4EE5-9A72-4221BD35CFA5}.Debug|x86.ActiveCfg = Debug|x86
		{4A008533-F338-4EE5-9A72-4221BD35CFA5}.Debug|x86.Build.0 = Debug|x86
		{4A008533-F338-4EE5-9A72-4221BD35CFA5}.Release|x64.ActiveCfg = Release|x64
		{4A008533-F338-4EE5-9A72-4221BD35CFA5}.Release|x64.Build.0 = Release|x64
		{4A008533-F338-4EE5-9A72-4221BD35CFA5}.Release|x86.ActiveCfg = Release|x86
		{4A008533-F338-4EE5-9A72-4221BD35CFA5}.Release|x86.Build.0 = Release|x86
		{3C9A15A3-E429-4E3A-9D1B-64A2211AD922}.Debug|x64.ActiveCfg = Debug|x64
		{3C9A15A3-E429-4E3A-9D1B-64A2211AD922}.Debug|x64.Build.0 = Debug|x64
		{3C9A15A3-E429-4E3A-9D1B-64A2211AD922}.Debug|x86.ActiveCfg = Debug|x86
		{3C9A15A3-E429-4E3A-9D1B-64A2211AD922}.Debug|x86.Build.0 = Debug|x86
		{3C9A15A3-E429-4E3A-9D1B-64A2211AD922}.Release|x64.ActiveCfg = Release|x64
		{3C9A15A3-E429-4E3A-9D1B-64A2211AD922}.Release|x64.Build.0 = Release|x64
		{3C9A15A3-E429-4E3A-9D1B-64A2211AD922}.Release|x86.ActiveCfg = Release|x86
		{3C9A15A3-E429-4E3A-9D1B-64A2211AD922}.Release|x86.Build.0 = Release|x86
		{19A7559B-CD67-4FDC-BCD8-AE364037EB37}.Debug|x64.ActiveCfg = Debug|x64
		{19A7559B-CD67-4FDC-BCD8-AE364037EB37}.Debug|x64.Build.0 = Debug|x64
		{19A7559B-CD67-4FDC-BCD8-AE364037EB37}.Debug|x86.ActiveCfg = Debug|x86
		{19A7559B-CD67-4FDC-BCD8-AE364037EB37}.Debug|x86.Build.0 = Debug|x86
		{19A7559B-CD67-4FDC-BCD8-AE364037EB37}.Release|x64.ActiveCfg = Release|x64
		{19A7559B-CD67-4FDC-BCD8-AE364037EB37}.Release|x64.Build.0 = Release|x64
		{19A7559B-CD67-4FDC-BCD8-AE364037EB37}.Release|x86.ActiveCfg = Release|x86
		{19A7559B-CD67-4FDC-BCD8-AE364037EB37}.Release|x86.Build.0 = Release|x86
		{DA1E938F-2387-4D44-8C64-9E04A31B3F18}.Debug|x64.ActiveCfg = Debug|x64
		{DA1E938F-2387-4D44-8C64-9E04A31B3F18}.Debug|x64.Build.0 = Debug|x64
		{DA1E938F-2387-4D44-8C64-9E04A31B3F18}.Debug|x86.ActiveCfg = Debug|x86
		{DA1E938F-2387-4D44-8C64-9E04A31B3F18}.Debug|x86.Build.0 = Debug|x86
		{DA1E938F-2387-4D44-8C64-9E04A31B3F18}.Release|x64.ActiveCfg = Release|x64
		{DA1E938F-2387-4D44-8C64-9E04A31B3F18}.Release|x64.Build.0 = Release|x64
		{DA1E938F-2387-4D44-8C64-9E04A31B3F18}.Release|x86.ActiveCfg = Release|x86
		{DA1E938F-2387-4D44-8C64-9E04A31B3F18}.Release|x86.Build.0 = Release|x86
		{28B8E19F-525F-4E98-ACBF-2BD0C2051F67}.Debug|x64.ActiveCfg = Debug|x64
		{28B8E19F-525F-4E98-ACBF-2BD0C2051F67}.Debug|x64.Build.0 = Debug|x64
		{28B8E19F-525F-4E98-ACBF-2BD0C2051F67}.Debug|x86.ActiveCfg = Debug|x86
		{28B8E19F-525F-4E98-ACBF-2BD0C2051F67}.Debug|x86.Build.0 = Debug|x86
		{28B8E19F-525F-4E98-ACBF-2BD0C2051F67}.Release|x64.ActiveCfg = Release|x64
		{28B8E19F-525F-4E98-ACBF-2BD0C2051F67}.Release|x64.Build.0 = Release|x64
		{28B8E19F-525F-4E98-ACBF-2BD0C2051F67}.Release|x86.ActiveCfg = Release|x86
		{28B8E19F-525F-4E98-ACBF-2BD0C2051F67}.Release|x86.Build.0 = Release|x86
	EndGlobalSection
	GlobalSection(SolutionProperties) = preSolution
		HideSolutionNode = FALSE
	EndGlobalSection
	GlobalSection(NestedProjects) = preSolution
		{992A9F73-3DFF-43CB-B796-E6AFD490FBCB} = {C2B4142A-597C-4DF0-B381-E5E2E96E3461}
		{7F39BC38-F227-4572-91D9-AED6A76A55CA} = {2CF9C1CB-2A47-4B17-8843-306028285327}
		{DC6FAFCE-2708-41F8-A632-9852C03AD001} = {2CF9C1CB-2A47-4B17-8843-306028285327}
		{C30D59C2-902B-42FB-8685-755DC154CE02} = {2CF9C1CB-2A47-4B17-8843-306028285327}
		{615FAC9B-7ABA-4E87-872B-72352930C820} = {2CF9C1CB-2A47-4B17-8843-306028285327}
		{F67B74D9-FB4B-4B19-8E25-4BB738DDB343} = {2CF9C1CB-2A47-4B17-8843-306028285327}
		{EB4AC096-A488-4440-B55F-33ABE507BD0D} = {2CF9C1CB-2A47-4B17-8843-306028285327}
		{34F45286-F15C-4256-A1E4-F95519517448} = {2CF9C1CB-2A47-4B17-8843-306028285327}
		{E9CA4284-7003-491D-9E10-936F8873E497} = {2CF9C1CB-2A47-4B17-8843-306028285327}
		{8326D2DD-8533-4B70-9892-FC59FF8F3CA0} = {2CF9C1CB-2A47-4B17-8843-306028285327}
		{96100984-3E6F-4349-9824-6052297847BD} = {2CF9C1CB-2A47-4B17-8843-306028285327}
		{96F948F3-F085-4E86-8FAD-31BB569E17B0} = {2CF9C1CB-2A47-4B17-8843-306028285327}
		{30CBBA33-85B7-4927-8DE0-219E6EF9C556} = {2CF9C1CB-2A47-4B17-8843-306028285327}
		{EAF0E468-0A08-4F2F-A2C4-3E9F18E51A61} = {2CF9C1CB-2A47-4B17-8843-306028285327}
		{4A008533-F338-4EE5-9A72-4221BD35CFA5} = {2CF9C1CB-2A47-4B17-8843-306028285327}
		{3C9A15A3-E429-4E3A-9D1B-64A2211AD922} = {2CF9C1CB-2A47-4B17-8843-306028285327}
		{19A7559B-CD67-4FDC-BCD8-AE364037EB37} = {2CF9C1CB-2A47-4B17-8843-306028285327}
		{DA1E938F-2387-4D44-8C64-9E04A31B3F18} = {2CF9C1CB-2A47-4B17-8843-306028285327}
		{28B8E19F-525F-4E98-ACBF-2BD0C2051F67} = {2CF9C1CB-2A47-4B17-8843-306028285327}
	EndGlobalSection
	GlobalSection(ExtensibilityGlobals) = postSolution
		SolutionGuid = {65656077-15FC-415C-8D47-3DC73CF00435}
	EndGlobalSection
EndGlobal
